
Microsoft Visual Studio Solution File, Format Version 12.00
# Visual Studio 15
VisualStudioVersion = 15.0.28307.489
MinimumVisualStudioVersion = 10.0.40219.1
Project("{9A19103F-16F7-4668-BE54-9A1E7A4F7556}") = "AskCaro_console", "AskCaro_console\AskCaro_console.csproj", "{63C6CB3F-2101-4CCB-9300-830697BA2527}"
EndProject
Project("{9A19103F-16F7-4668-BE54-9A1E7A4F7556}") = "AskCaro", "AskCaro\AskCaro.csproj", "{A114530B-9F85-40BC-AB4A-E54C9206E011}"
EndProject
Project("{9A19103F-16F7-4668-BE54-9A1E7A4F7556}") = "AskCaro_QuestionnaireAspirateur", "AskCaro_stackoverflow\AskCaro_QuestionnaireAspirateur.csproj", "{9B0F307E-DA8A-42C4-97B8-2771050CD6B7}"
EndProject
Project("{FAE04EC0-301F-11D3-BF4B-00C04F79EFBC}") = "Scheduler", "Scheduler\Scheduler.csproj", "{5FD54BFB-DE5F-4EA9-AB53-4B565AAC8374}"
EndProject
Global
	GlobalSection(SolutionConfigurationPlatforms) = preSolution
		Debug|Any CPU = Debug|Any CPU
		Release|Any CPU = Release|Any CPU
	EndGlobalSection
	GlobalSection(ProjectConfigurationPlatforms) = postSolution
		{63C6CB3F-2101-4CCB-9300-830697BA2527}.Debug|Any CPU.ActiveCfg = Debug|Any CPU
		{63C6CB3F-2101-4CCB-9300-830697BA2527}.Debug|Any CPU.Build.0 = Debug|Any CPU
		{63C6CB3F-2101-4CCB-9300-830697BA2527}.Release|Any CPU.ActiveCfg = Release|Any CPU
		{63C6CB3F-2101-4CCB-9300-830697BA2527}.Release|Any CPU.Build.0 = Release|Any CPU
		{A114530B-9F85-40BC-AB4A-E54C9206E011}.Debug|Any CPU.ActiveCfg = Debug|Any CPU
		{A114530B-9F85-40BC-AB4A-E54C9206E011}.Debug|Any CPU.Build.0 = Debug|Any CPU
		{A114530B-9F85-40BC-AB4A-E54C9206E011}.Release|Any CPU.ActiveCfg = Release|Any CPU
		{A114530B-9F85-40BC-AB4A-E54C9206E011}.Release|Any CPU.Build.0 = Release|Any CPU
		{9B0F307E-DA8A-42C4-97B8-2771050CD6B7}.Debug|Any CPU.ActiveCfg = Debug|Any CPU
		{9B0F307E-DA8A-42C4-97B8-2771050CD6B7}.Debug|Any CPU.Build.0 = Debug|Any CPU
		{9B0F307E-DA8A-42C4-97B8-2771050CD6B7}.Release|Any CPU.ActiveCfg = Release|Any CPU
		{9B0F307E-DA8A-42C4-97B8-2771050CD6B7}.Release|Any CPU.Build.0 = Release|Any CPU
		{5FD54BFB-DE5F-4EA9-AB53-4B565AAC8374}.Debug|Any CPU.ActiveCfg = Debug|Any CPU
		{5FD54BFB-DE5F-4EA9-AB53-4B565AAC8374}.Debug|Any CPU.Build.0 = Debug|Any CPU
		{5FD54BFB-DE5F-4EA9-AB53-4B565AAC8374}.Release|Any CPU.ActiveCfg = Release|Any CPU
		{5FD54BFB-DE5F-4EA9-AB53-4B565AAC8374}.Release|Any CPU.Build.0 = Release|Any CPU
	EndGlobalSection
	GlobalSection(SolutionProperties) = preSolution
		HideSolutionNode = FALSE
	EndGlobalSection
	GlobalSection(ExtensibilityGlobals) = postSolution
		SolutionGuid = {BCB21AAF-2485-40E7-AE99-A338F87A0554}
	EndGlobalSection
EndGlobal
